{
  "name": "usability-tracker",
  "version": "1.0.0",
  "lockfileVersion": 2,
  "requires": true,
  "packages": {
    "": {
      "name": "usability-tracker",
      "version": "1.0.0",
      "license": "MIT",
      "dependencies": {
        "lewibs-keylogger": "^1.0.6",
        "uuid": "^8.3.2"
      }
    },
    "node_modules/lewibs-keylogger": {
      "version": "1.0.6",
      "resolved": "https://registry.npmjs.org/lewibs-keylogger/-/lewibs-keylogger-1.0.6.tgz",
      "integrity": "sha512-et/DG+utTGHKp8l12/20L6/peNs2LQPHRaEAf4s/hBCXxG5uy4+i2IMtwWLGoFcgxEpxdm9VN8UCbm1MW91/ZQ=="
    },
    "node_modules/uuid": {
      "version": "8.3.2",
      "resolved": "https://registry.npmjs.org/uuid/-/uuid-8.3.2.tgz",
      "integrity": "sha512-+NYs2QeMWy+GWFOEm9xnn6HCDp0l7QBD7ml8zLUmJ+93Q5NF0NocErnwkTkXVFNiX3/fpC6afS8Dhb/gz7R7eg==",
      "bin": {
        "uuid": "dist/bin/uuid"
      }
    }
  },
  "dependencies": {
    "lewibs-keylogger": {
      "version": "1.0.6",
      "resolved": "https://registry.npmjs.org/lewibs-keylogger/-/lewibs-keylogger-1.0.6.tgz",
      "integrity": "sha512-et/DG+utTGHKp8l12/20L6/peNs2LQPHRaEAf4s/hBCXxG5uy4+i2IMtwWLGoFcgxEpxdm9VN8UCbm1MW91/ZQ=="
    },
    "uuid": {
      "version": "8.3.2",
      "resolved": "https://registry.npmjs.org/uuid/-/uuid-8.3.2.tgz",
      "integrity": "sha512-+NYs2QeMWy+GWFOEm9xnn6HCDp0l7QBD7ml8zLUmJ+93Q5NF0NocErnwkTkXVFNiX3/fpC6afS8Dhb/gz7R7eg=="
    }
  }
}
